
Microsoft Visual Studio Solution File, Format Version 12.00
# Visual Studio Version 17
VisualStudioVersion = 17.5.002.0
MinimumVisualStudioVersion = 10.0.40219.1
Project("{9A19103F-16F7-4668-BE54-9A1E7A4F7556}") = "ClassesAndRecordsExamples", "ClassesAndRecordsExamples.csproj", "{84B27480-BB0C-4451-9538-7CCCCDF2FD13}"
EndProject
Global
	GlobalSection(SolutionConfigurationPlatforms) = preSolution
		Debug|Any CPU = Debug|Any CPU
		Release|Any CPU = Release|Any CPU
	EndGlobalSection
	GlobalSection(ProjectConfigurationPlatforms) = postSolution
		{84B27480-BB0C-4451-9538-7CCCCDF2FD13}.Debug|Any CPU.ActiveCfg = Debug|Any CPU
		{84B27480-BB0C-4451-9538-7CCCCDF2FD13}.Debug|Any CPU.Build.0 = Debug|Any CPU
		{84B27480-BB0C-4451-9538-7CCCCDF2FD13}.Release|Any CPU.ActiveCfg = Release|Any CPU
		{84B27480-BB0C-4451-9538-7CCCCDF2FD13}.Release|Any CPU.Build.0 = Release|Any CPU
	EndGlobalSection
	GlobalSection(SolutionProperties) = preSolution
		HideSolutionNode = FALSE
	EndGlobalSection
	GlobalSection(ExtensibilityGlobals) = postSolution
		SolutionGuid = {D225F883-901B-49AA-A4E2-993A26F453E5}
	EndGlobalSection
EndGlobal
